
Microsoft Visual Studio Solution File, Format Version 12.00
# Visual Studio 15
VisualStudioVersion = 15.0.28307.1433
MinimumVisualStudioVersion = 10.0.40219.1
Project("{FAE04EC0-301F-11D3-BF4B-00C04F79EFBC}") = "FactoryMethodDesignPattern", "FactoryMethodDesignPattern\FactoryMethodDesignPattern.csproj", "{DAE9D7B0-F893-4D7A-BDC8-A7B4EF452D59}"
EndProject
Global
	GlobalSection(SolutionConfigurationPlatforms) = preSolution
		Debug|Any CPU = Debug|Any CPU
		Release|Any CPU = Release|Any CPU
	EndGlobalSection
	GlobalSection(ProjectConfigurationPlatforms) = postSolution
		{DAE9D7B0-F893-4D7A-BDC8-A7B4EF452D59}.Debug|Any CPU.ActiveCfg = Debug|Any CPU
		{DAE9D7B0-F893-4D7A-BDC8-A7B4EF452D59}.Debug|Any CPU.Build.0 = Debug|Any CPU
		{DAE9D7B0-F893-4D7A-BDC8-A7B4EF452D59}.Release|Any CPU.ActiveCfg = Release|Any CPU
		{DAE9D7B0-F893-4D7A-BDC8-A7B4EF452D59}.Release|Any CPU.Build.0 = Release|Any CPU
	EndGlobalSection
	GlobalSection(SolutionProperties) = preSolution
		HideSolutionNode = FALSE
	EndGlobalSection
	GlobalSection(ExtensibilityGlobals) = postSolution
		SolutionGuid = {6CBBA934-6BFF-43AB-99DE-A8C0EE64F0E6}
	EndGlobalSection
EndGlobal
