
Microsoft Visual Studio Solution File, Format Version 12.00
# Visual Studio 15
VisualStudioVersion = 15.0.28307.1433
MinimumVisualStudioVersion = 10.0.40219.1
Project("{FAE04EC0-301F-11D3-BF4B-00C04F79EFBC}") = "AbstractFactoryDesignPattern", "AbstractFactoryDesignPattern\AbstractFactoryDesignPattern.csproj", "{817D2C01-2C18-4327-AF81-67016BA3E9F9}"
EndProject
Global
	GlobalSection(SolutionConfigurationPlatforms) = preSolution
		Debug|Any CPU = Debug|Any CPU
		Release|Any CPU = Release|Any CPU
	EndGlobalSection
	GlobalSection(ProjectConfigurationPlatforms) = postSolution
		{817D2C01-2C18-4327-AF81-67016BA3E9F9}.Debug|Any CPU.ActiveCfg = Debug|Any CPU
		{817D2C01-2C18-4327-AF81-67016BA3E9F9}.Debug|Any CPU.Build.0 = Debug|Any CPU
		{817D2C01-2C18-4327-AF81-67016BA3E9F9}.Release|Any CPU.ActiveCfg = Release|Any CPU
		{817D2C01-2C18-4327-AF81-67016BA3E9F9}.Release|Any CPU.Build.0 = Release|Any CPU
	EndGlobalSection
	GlobalSection(SolutionProperties) = preSolution
		HideSolutionNode = FALSE
	EndGlobalSection
	GlobalSection(ExtensibilityGlobals) = postSolution
		SolutionGuid = {3C5E8E8A-A40D-4E78-A49A-C3609F7AEAD4}
	EndGlobalSection
EndGlobal
